
Microsoft Visual Studio Solution File, Format Version 12.00
# Visual Studio 15
VisualStudioVersion = 15.0.28307.852
MinimumVisualStudioVersion = 10.0.40219.1
Project("{9A19103F-16F7-4668-BE54-9A1E7A4F7556}") = "Trainings", "Trainings\Trainings.csproj", "{D11DD99C-58BD-4D88-83E2-F9DD16884A5B}"
EndProject
Project("{2150E333-8FDC-42A3-9474-1A3956D46DE8}") = "Architecture", "Architecture", "{43F821D6-0A6E-4498-87B9-2FB5F91CBA15}"
EndProject
Project("{2150E333-8FDC-42A3-9474-1A3956D46DE8}") = "API", "API", "{7141A74A-BB72-41BC-91B1-54E2ED9D92EF}"
EndProject
Project("{2150E333-8FDC-42A3-9474-1A3956D46DE8}") = "BusinessLogic", "BusinessLogic", "{41C0B2D4-3444-499E-A7D3-4B6CECFD8E48}"
EndProject
Project("{2150E333-8FDC-42A3-9474-1A3956D46DE8}") = "DataAccessLayer", "DataAccessLayer", "{99B38A1E-5E3E-4544-B483-5D6643DF6EEF}"
EndProject
Project("{FAE04EC0-301F-11D3-BF4B-00C04F79EFBC}") = "Mobile.API", "Mobile.API\Mobile.API.csproj", "{B6701985-9D4C-41BD-9E2F-09DEE9C045BA}"
EndProject
Project("{FAE04EC0-301F-11D3-BF4B-00C04F79EFBC}") = "Mobile.Abstraction", "Mobile.Abstraction\Mobile.Abstraction.csproj", "{40E68A52-0065-4117-98B8-DD92EF5BC8C1}"
EndProject
Project("{FAE04EC0-301F-11D3-BF4B-00C04F79EFBC}") = "Mobile.BusinessLogic", "Mobile.BusinessLogic\Mobile.BusinessLogic.csproj", "{0B058163-107C-4AF1-B9AA-BDBEA9A74AF7}"
EndProject
Project("{FAE04EC0-301F-11D3-BF4B-00C04F79EFBC}") = "Mobile.Models", "Mobile.Models\Mobile.Models.csproj", "{DA4A79D5-5519-4584-BD0F-D6E3D12AD524}"
EndProject
Project("{FAE04EC0-301F-11D3-BF4B-00C04F79EFBC}") = "Mobile.DBMap", "Mobile.DBMap\Mobile.DBMap.csproj", "{D3C78057-4ECA-4C4D-A6A6-B3D7668E695E}"
EndProject
Project("{FAE04EC0-301F-11D3-BF4B-00C04F79EFBC}") = "Mobile.Repository", "Mobile.Repository\Mobile.Repository.csproj", "{2A7F638A-BE63-41D5-ACC7-1DED4A66FE69}"
EndProject
Global
	GlobalSection(SolutionConfigurationPlatforms) = preSolution
		Debug|Any CPU = Debug|Any CPU
		Release|Any CPU = Release|Any CPU
	EndGlobalSection
	GlobalSection(ProjectConfigurationPlatforms) = postSolution
		{D11DD99C-58BD-4D88-83E2-F9DD16884A5B}.Debug|Any CPU.ActiveCfg = Debug|Any CPU
		{D11DD99C-58BD-4D88-83E2-F9DD16884A5B}.Debug|Any CPU.Build.0 = Debug|Any CPU
		{D11DD99C-58BD-4D88-83E2-F9DD16884A5B}.Release|Any CPU.ActiveCfg = Release|Any CPU
		{D11DD99C-58BD-4D88-83E2-F9DD16884A5B}.Release|Any CPU.Build.0 = Release|Any CPU
		{B6701985-9D4C-41BD-9E2F-09DEE9C045BA}.Debug|Any CPU.ActiveCfg = Debug|Any CPU
		{B6701985-9D4C-41BD-9E2F-09DEE9C045BA}.Debug|Any CPU.Build.0 = Debug|Any CPU
		{B6701985-9D4C-41BD-9E2F-09DEE9C045BA}.Release|Any CPU.ActiveCfg = Release|Any CPU
		{B6701985-9D4C-41BD-9E2F-09DEE9C045BA}.Release|Any CPU.Build.0 = Release|Any CPU
		{40E68A52-0065-4117-98B8-DD92EF5BC8C1}.Debug|Any CPU.ActiveCfg = Debug|Any CPU
		{40E68A52-0065-4117-98B8-DD92EF5BC8C1}.Debug|Any CPU.Build.0 = Debug|Any CPU
		{40E68A52-0065-4117-98B8-DD92EF5BC8C1}.Release|Any CPU.ActiveCfg = Release|Any CPU
		{40E68A52-0065-4117-98B8-DD92EF5BC8C1}.Release|Any CPU.Build.0 = Release|Any CPU
		{0B058163-107C-4AF1-B9AA-BDBEA9A74AF7}.Debug|Any CPU.ActiveCfg = Debug|Any CPU
		{0B058163-107C-4AF1-B9AA-BDBEA9A74AF7}.Debug|Any CPU.Build.0 = Debug|Any CPU
		{0B058163-107C-4AF1-B9AA-BDBEA9A74AF7}.Release|Any CPU.ActiveCfg = Release|Any CPU
		{0B058163-107C-4AF1-B9AA-BDBEA9A74AF7}.Release|Any CPU.Build.0 = Release|Any CPU
		{DA4A79D5-5519-4584-BD0F-D6E3D12AD524}.Debug|Any CPU.ActiveCfg = Debug|Any CPU
		{DA4A79D5-5519-4584-BD0F-D6E3D12AD524}.Debug|Any CPU.Build.0 = Debug|Any CPU
		{DA4A79D5-5519-4584-BD0F-D6E3D12AD524}.Release|Any CPU.ActiveCfg = Release|Any CPU
		{DA4A79D5-5519-4584-BD0F-D6E3D12AD524}.Release|Any CPU.Build.0 = Release|Any CPU
		{D3C78057-4ECA-4C4D-A6A6-B3D7668E695E}.Debug|Any CPU.ActiveCfg = Debug|Any CPU
		{D3C78057-4ECA-4C4D-A6A6-B3D7668E695E}.Debug|Any CPU.Build.0 = Debug|Any CPU
		{D3C78057-4ECA-4C4D-A6A6-B3D7668E695E}.Release|Any CPU.ActiveCfg = Release|Any CPU
		{D3C78057-4ECA-4C4D-A6A6-B3D7668E695E}.Release|Any CPU.Build.0 = Release|Any CPU
		{2A7F638A-BE63-41D5-ACC7-1DED4A66FE69}.Debug|Any CPU.ActiveCfg = Debug|Any CPU
		{2A7F638A-BE63-41D5-ACC7-1DED4A66FE69}.Debug|Any CPU.Build.0 = Debug|Any CPU
		{2A7F638A-BE63-41D5-ACC7-1DED4A66FE69}.Release|Any CPU.ActiveCfg = Release|Any CPU
		{2A7F638A-BE63-41D5-ACC7-1DED4A66FE69}.Release|Any CPU.Build.0 = Release|Any CPU
	EndGlobalSection
	GlobalSection(SolutionProperties) = preSolution
		HideSolutionNode = FALSE
	EndGlobalSection
	GlobalSection(NestedProjects) = preSolution
		{7141A74A-BB72-41BC-91B1-54E2ED9D92EF} = {43F821D6-0A6E-4498-87B9-2FB5F91CBA15}
		{41C0B2D4-3444-499E-A7D3-4B6CECFD8E48} = {43F821D6-0A6E-4498-87B9-2FB5F91CBA15}
		{99B38A1E-5E3E-4544-B483-5D6643DF6EEF} = {43F821D6-0A6E-4498-87B9-2FB5F91CBA15}
		{B6701985-9D4C-41BD-9E2F-09DEE9C045BA} = {7141A74A-BB72-41BC-91B1-54E2ED9D92EF}
		{40E68A52-0065-4117-98B8-DD92EF5BC8C1} = {41C0B2D4-3444-499E-A7D3-4B6CECFD8E48}
		{0B058163-107C-4AF1-B9AA-BDBEA9A74AF7} = {41C0B2D4-3444-499E-A7D3-4B6CECFD8E48}
		{DA4A79D5-5519-4584-BD0F-D6E3D12AD524} = {41C0B2D4-3444-499E-A7D3-4B6CECFD8E48}
		{D3C78057-4ECA-4C4D-A6A6-B3D7668E695E} = {99B38A1E-5E3E-4544-B483-5D6643DF6EEF}
		{2A7F638A-BE63-41D5-ACC7-1DED4A66FE69} = {99B38A1E-5E3E-4544-B483-5D6643DF6EEF}
	EndGlobalSection
	GlobalSection(ExtensibilityGlobals) = postSolution
		SolutionGuid = {A1721882-8719-4702-8C65-529BA84835EB}
	EndGlobalSection
EndGlobal
