
Microsoft Visual Studio Solution File, Format Version 12.00
# Visual Studio 15
VisualStudioVersion = 15.0.28307.852
MinimumVisualStudioVersion = 10.0.40219.1
Project("{FAE04EC0-301F-11D3-BF4B-00C04F79EFBC}") = "Trainings", "Trainings\Trainings.csproj", "{D11DD99C-58BD-4D88-83E2-F9DD16884A5B}"
EndProject
Global
	GlobalSection(SolutionConfigurationPlatforms) = preSolution
		Debug|Any CPU = Debug|Any CPU
		Release|Any CPU = Release|Any CPU
	EndGlobalSection
	GlobalSection(ProjectConfigurationPlatforms) = postSolution
		{D11DD99C-58BD-4D88-83E2-F9DD16884A5B}.Debug|Any CPU.ActiveCfg = Debug|Any CPU
		{D11DD99C-58BD-4D88-83E2-F9DD16884A5B}.Debug|Any CPU.Build.0 = Debug|Any CPU
		{D11DD99C-58BD-4D88-83E2-F9DD16884A5B}.Release|Any CPU.ActiveCfg = Release|Any CPU
		{D11DD99C-58BD-4D88-83E2-F9DD16884A5B}.Release|Any CPU.Build.0 = Release|Any CPU
	EndGlobalSection
	GlobalSection(SolutionProperties) = preSolution
		HideSolutionNode = FALSE
	EndGlobalSection
	GlobalSection(ExtensibilityGlobals) = postSolution
		SolutionGuid = {A1721882-8719-4702-8C65-529BA84835EB}
	EndGlobalSection
EndGlobal
